
Microsoft Visual Studio Solution File, Format Version 12.00
# Visual Studio 15
VisualStudioVersion = 15.0.28307.168
MinimumVisualStudioVersion = 10.0.40219.1
Project("{FAE04EC0-301F-11D3-BF4B-00C04F79EFBC}") = "exercicio2_1", "exercicio2_1.csproj", "{C3682769-2CBA-4222-8C69-77357AEA4864}"
EndProject
Global
	GlobalSection(SolutionConfigurationPlatforms) = preSolution
		Debug|Any CPU = Debug|Any CPU
		Release|Any CPU = Release|Any CPU
	EndGlobalSection
	GlobalSection(ProjectConfigurationPlatforms) = postSolution
		{C3682769-2CBA-4222-8C69-77357AEA4864}.Debug|Any CPU.ActiveCfg = Debug|Any CPU
		{C3682769-2CBA-4222-8C69-77357AEA4864}.Debug|Any CPU.Build.0 = Debug|Any CPU
		{C3682769-2CBA-4222-8C69-77357AEA4864}.Release|Any CPU.ActiveCfg = Release|Any CPU
		{C3682769-2CBA-4222-8C69-77357AEA4864}.Release|Any CPU.Build.0 = Release|Any CPU
	EndGlobalSection
	GlobalSection(SolutionProperties) = preSolution
		HideSolutionNode = FALSE
	EndGlobalSection
	GlobalSection(ExtensibilityGlobals) = postSolution
		SolutionGuid = {15775B12-E36B-4E03-B8C1-8BA26FBC5CB8}
	EndGlobalSection
EndGlobal
