
Microsoft Visual Studio Solution File, Format Version 12.00
# Visual Studio 15
VisualStudioVersion = 15.0.27703.2042
MinimumVisualStudioVersion = 10.0.40219.1
Project("{FAE04EC0-301F-11D3-BF4B-00C04F79EFBC}") = "switchcase", "switchcase\switchcase.csproj", "{3CF39107-D08C-43B2-B57A-77EDD3C523B1}"
EndProject
Global
	GlobalSection(SolutionConfigurationPlatforms) = preSolution
		Debug|Any CPU = Debug|Any CPU
		Release|Any CPU = Release|Any CPU
	EndGlobalSection
	GlobalSection(ProjectConfigurationPlatforms) = postSolution
		{3CF39107-D08C-43B2-B57A-77EDD3C523B1}.Debug|Any CPU.ActiveCfg = Debug|Any CPU
		{3CF39107-D08C-43B2-B57A-77EDD3C523B1}.Debug|Any CPU.Build.0 = Debug|Any CPU
		{3CF39107-D08C-43B2-B57A-77EDD3C523B1}.Release|Any CPU.ActiveCfg = Release|Any CPU
		{3CF39107-D08C-43B2-B57A-77EDD3C523B1}.Release|Any CPU.Build.0 = Release|Any CPU
	EndGlobalSection
	GlobalSection(SolutionProperties) = preSolution
		HideSolutionNode = FALSE
	EndGlobalSection
	GlobalSection(ExtensibilityGlobals) = postSolution
		SolutionGuid = {2607DB40-51B8-43E6-9664-A3CE62ACF3E9}
	EndGlobalSection
EndGlobal
