
Microsoft Visual Studio Solution File, Format Version 12.00
# Visual Studio 15
VisualStudioVersion = 15.0.27703.2042
MinimumVisualStudioVersion = 10.0.40219.1
Project("{FAE04EC0-301F-11D3-BF4B-00C04F79EFBC}") = "uri 1065 pares", "uri 1065 pares.csproj", "{1EEB704A-C89F-4C5B-B1DC-B418D9F08559}"
EndProject
Global
	GlobalSection(SolutionConfigurationPlatforms) = preSolution
		Debug|Any CPU = Debug|Any CPU
		Release|Any CPU = Release|Any CPU
	EndGlobalSection
	GlobalSection(ProjectConfigurationPlatforms) = postSolution
		{1EEB704A-C89F-4C5B-B1DC-B418D9F08559}.Debug|Any CPU.ActiveCfg = Debug|Any CPU
		{1EEB704A-C89F-4C5B-B1DC-B418D9F08559}.Debug|Any CPU.Build.0 = Debug|Any CPU
		{1EEB704A-C89F-4C5B-B1DC-B418D9F08559}.Release|Any CPU.ActiveCfg = Release|Any CPU
		{1EEB704A-C89F-4C5B-B1DC-B418D9F08559}.Release|Any CPU.Build.0 = Release|Any CPU
	EndGlobalSection
	GlobalSection(SolutionProperties) = preSolution
		HideSolutionNode = FALSE
	EndGlobalSection
	GlobalSection(ExtensibilityGlobals) = postSolution
		SolutionGuid = {FA9184C8-936B-4DAA-B790-44708CC9BED6}
	EndGlobalSection
EndGlobal
