
Microsoft Visual Studio Solution File, Format Version 12.00
# Visual Studio 15
VisualStudioVersion = 15.0.27703.2042
MinimumVisualStudioVersion = 10.0.40219.1
Project("{FAE04EC0-301F-11D3-BF4B-00C04F79EFBC}") = "uri1115 quadrante", "uri1115 quadrante.csproj", "{C5421A8E-5E1A-4895-BF69-C2B481BF6E2B}"
EndProject
Global
	GlobalSection(SolutionConfigurationPlatforms) = preSolution
		Debug|Any CPU = Debug|Any CPU
		Release|Any CPU = Release|Any CPU
	EndGlobalSection
	GlobalSection(ProjectConfigurationPlatforms) = postSolution
		{C5421A8E-5E1A-4895-BF69-C2B481BF6E2B}.Debug|Any CPU.ActiveCfg = Debug|Any CPU
		{C5421A8E-5E1A-4895-BF69-C2B481BF6E2B}.Debug|Any CPU.Build.0 = Debug|Any CPU
		{C5421A8E-5E1A-4895-BF69-C2B481BF6E2B}.Release|Any CPU.ActiveCfg = Release|Any CPU
		{C5421A8E-5E1A-4895-BF69-C2B481BF6E2B}.Release|Any CPU.Build.0 = Release|Any CPU
	EndGlobalSection
	GlobalSection(SolutionProperties) = preSolution
		HideSolutionNode = FALSE
	EndGlobalSection
	GlobalSection(ExtensibilityGlobals) = postSolution
		SolutionGuid = {581407BD-FAEB-45D7-ABE7-0741D4CC73C3}
	EndGlobalSection
EndGlobal
