
Microsoft Visual Studio Solution File, Format Version 12.00
# Visual Studio 15
VisualStudioVersion = 15.0.27703.2042
MinimumVisualStudioVersion = 10.0.40219.1
Project("{FAE04EC0-301F-11D3-BF4B-00C04F79EFBC}") = "1072 uri", "1072 uri.csproj", "{AD41F337-CBF2-4601-AA02-816906CB2C9B}"
EndProject
Global
	GlobalSection(SolutionConfigurationPlatforms) = preSolution
		Debug|Any CPU = Debug|Any CPU
		Release|Any CPU = Release|Any CPU
	EndGlobalSection
	GlobalSection(ProjectConfigurationPlatforms) = postSolution
		{AD41F337-CBF2-4601-AA02-816906CB2C9B}.Debug|Any CPU.ActiveCfg = Debug|Any CPU
		{AD41F337-CBF2-4601-AA02-816906CB2C9B}.Debug|Any CPU.Build.0 = Debug|Any CPU
		{AD41F337-CBF2-4601-AA02-816906CB2C9B}.Release|Any CPU.ActiveCfg = Release|Any CPU
		{AD41F337-CBF2-4601-AA02-816906CB2C9B}.Release|Any CPU.Build.0 = Release|Any CPU
	EndGlobalSection
	GlobalSection(SolutionProperties) = preSolution
		HideSolutionNode = FALSE
	EndGlobalSection
	GlobalSection(ExtensibilityGlobals) = postSolution
		SolutionGuid = {EAC9035C-784D-4BCF-B982-86A59E5B5EFB}
	EndGlobalSection
EndGlobal
