
Microsoft Visual Studio Solution File, Format Version 12.00
# Visual Studio 15
VisualStudioVersion = 15.0.28307.168
MinimumVisualStudioVersion = 10.0.40219.1
Project("{FAE04EC0-301F-11D3-BF4B-00C04F79EFBC}") = "conversao temp C_F", "conversao temp C_F.csproj", "{1BB86176-1B0B-43E2-87B4-31ECF6BE50F2}"
EndProject
Global
	GlobalSection(SolutionConfigurationPlatforms) = preSolution
		Debug|Any CPU = Debug|Any CPU
		Release|Any CPU = Release|Any CPU
	EndGlobalSection
	GlobalSection(ProjectConfigurationPlatforms) = postSolution
		{1BB86176-1B0B-43E2-87B4-31ECF6BE50F2}.Debug|Any CPU.ActiveCfg = Debug|Any CPU
		{1BB86176-1B0B-43E2-87B4-31ECF6BE50F2}.Debug|Any CPU.Build.0 = Debug|Any CPU
		{1BB86176-1B0B-43E2-87B4-31ECF6BE50F2}.Release|Any CPU.ActiveCfg = Release|Any CPU
		{1BB86176-1B0B-43E2-87B4-31ECF6BE50F2}.Release|Any CPU.Build.0 = Release|Any CPU
	EndGlobalSection
	GlobalSection(SolutionProperties) = preSolution
		HideSolutionNode = FALSE
	EndGlobalSection
	GlobalSection(ExtensibilityGlobals) = postSolution
		SolutionGuid = {44B8D905-8683-4CCF-B80E-76DE22BEA19F}
	EndGlobalSection
EndGlobal
