
Microsoft Visual Studio Solution File, Format Version 12.00
# Visual Studio 15
VisualStudioVersion = 15.0.28307.168
MinimumVisualStudioVersion = 10.0.40219.1
Project("{FAE04EC0-301F-11D3-BF4B-00C04F79EFBC}") = "1075", "1075.csproj", "{35A8C21D-6886-46A5-90B4-8F542D783815}"
EndProject
Global
	GlobalSection(SolutionConfigurationPlatforms) = preSolution
		Debug|Any CPU = Debug|Any CPU
		Release|Any CPU = Release|Any CPU
	EndGlobalSection
	GlobalSection(ProjectConfigurationPlatforms) = postSolution
		{35A8C21D-6886-46A5-90B4-8F542D783815}.Debug|Any CPU.ActiveCfg = Debug|Any CPU
		{35A8C21D-6886-46A5-90B4-8F542D783815}.Debug|Any CPU.Build.0 = Debug|Any CPU
		{35A8C21D-6886-46A5-90B4-8F542D783815}.Release|Any CPU.ActiveCfg = Release|Any CPU
		{35A8C21D-6886-46A5-90B4-8F542D783815}.Release|Any CPU.Build.0 = Release|Any CPU
	EndGlobalSection
	GlobalSection(SolutionProperties) = preSolution
		HideSolutionNode = FALSE
	EndGlobalSection
	GlobalSection(ExtensibilityGlobals) = postSolution
		SolutionGuid = {3CCA28E6-A484-4CA8-9935-040B89F76DB2}
	EndGlobalSection
EndGlobal
