
Microsoft Visual Studio Solution File, Format Version 12.00
# Visual Studio 15
VisualStudioVersion = 15.0.27703.2042
MinimumVisualStudioVersion = 10.0.40219.1
Project("{FAE04EC0-301F-11D3-BF4B-00C04F79EFBC}") = "notaaluno", "notaaluno\notaaluno.csproj", "{FAB46BA1-E44E-4D33-A5A9-70B30FD97569}"
EndProject
Global
	GlobalSection(SolutionConfigurationPlatforms) = preSolution
		Debug|Any CPU = Debug|Any CPU
		Release|Any CPU = Release|Any CPU
	EndGlobalSection
	GlobalSection(ProjectConfigurationPlatforms) = postSolution
		{FAB46BA1-E44E-4D33-A5A9-70B30FD97569}.Debug|Any CPU.ActiveCfg = Debug|Any CPU
		{FAB46BA1-E44E-4D33-A5A9-70B30FD97569}.Debug|Any CPU.Build.0 = Debug|Any CPU
		{FAB46BA1-E44E-4D33-A5A9-70B30FD97569}.Release|Any CPU.ActiveCfg = Release|Any CPU
		{FAB46BA1-E44E-4D33-A5A9-70B30FD97569}.Release|Any CPU.Build.0 = Release|Any CPU
	EndGlobalSection
	GlobalSection(SolutionProperties) = preSolution
		HideSolutionNode = FALSE
	EndGlobalSection
	GlobalSection(ExtensibilityGlobals) = postSolution
		SolutionGuid = {626D2C68-29EE-4A2B-B795-9C13647DC6AA}
	EndGlobalSection
EndGlobal
