
Microsoft Visual Studio Solution File, Format Version 12.00
# Visual Studio 15
VisualStudioVersion = 15.0.27703.2042
MinimumVisualStudioVersion = 10.0.40219.1
Project("{FAE04EC0-301F-11D3-BF4B-00C04F79EFBC}") = "uri1051", "uri1051.csproj", "{F9B436D1-A4DE-4B47-A98D-B3471D3A0B63}"
EndProject
Global
	GlobalSection(SolutionConfigurationPlatforms) = preSolution
		Debug|Any CPU = Debug|Any CPU
		Release|Any CPU = Release|Any CPU
	EndGlobalSection
	GlobalSection(ProjectConfigurationPlatforms) = postSolution
		{F9B436D1-A4DE-4B47-A98D-B3471D3A0B63}.Debug|Any CPU.ActiveCfg = Debug|Any CPU
		{F9B436D1-A4DE-4B47-A98D-B3471D3A0B63}.Debug|Any CPU.Build.0 = Debug|Any CPU
		{F9B436D1-A4DE-4B47-A98D-B3471D3A0B63}.Release|Any CPU.ActiveCfg = Release|Any CPU
		{F9B436D1-A4DE-4B47-A98D-B3471D3A0B63}.Release|Any CPU.Build.0 = Release|Any CPU
	EndGlobalSection
	GlobalSection(SolutionProperties) = preSolution
		HideSolutionNode = FALSE
	EndGlobalSection
	GlobalSection(ExtensibilityGlobals) = postSolution
		SolutionGuid = {3512E182-F6CB-40EA-9083-F8DE3EE53439}
	EndGlobalSection
EndGlobal
