
Microsoft Visual Studio Solution File, Format Version 12.00
# Visual Studio 15
VisualStudioVersion = 15.0.28307.168
MinimumVisualStudioVersion = 10.0.40219.1
Project("{FAE04EC0-301F-11D3-BF4B-00C04F79EFBC}") = "uri 1071", "uri 1071.csproj", "{97BF3237-50FD-41D2-94F5-15EFA44569B2}"
EndProject
Global
	GlobalSection(SolutionConfigurationPlatforms) = preSolution
		Debug|Any CPU = Debug|Any CPU
		Release|Any CPU = Release|Any CPU
	EndGlobalSection
	GlobalSection(ProjectConfigurationPlatforms) = postSolution
		{97BF3237-50FD-41D2-94F5-15EFA44569B2}.Debug|Any CPU.ActiveCfg = Debug|Any CPU
		{97BF3237-50FD-41D2-94F5-15EFA44569B2}.Debug|Any CPU.Build.0 = Debug|Any CPU
		{97BF3237-50FD-41D2-94F5-15EFA44569B2}.Release|Any CPU.ActiveCfg = Release|Any CPU
		{97BF3237-50FD-41D2-94F5-15EFA44569B2}.Release|Any CPU.Build.0 = Release|Any CPU
	EndGlobalSection
	GlobalSection(SolutionProperties) = preSolution
		HideSolutionNode = FALSE
	EndGlobalSection
	GlobalSection(ExtensibilityGlobals) = postSolution
		SolutionGuid = {68A09CEF-A771-4E09-B416-D3DA8BAC5189}
	EndGlobalSection
EndGlobal
