
Microsoft Visual Studio Solution File, Format Version 12.00
# Visual Studio 15
VisualStudioVersion = 15.0.28307.168
MinimumVisualStudioVersion = 10.0.40219.1
Project("{FAE04EC0-301F-11D3-BF4B-00C04F79EFBC}") = "exercicio", "exercicio.csproj", "{BDDCC6E6-0E01-4689-B0BA-8960C22989E6}"
EndProject
Global
	GlobalSection(SolutionConfigurationPlatforms) = preSolution
		Debug|Any CPU = Debug|Any CPU
		Release|Any CPU = Release|Any CPU
	EndGlobalSection
	GlobalSection(ProjectConfigurationPlatforms) = postSolution
		{BDDCC6E6-0E01-4689-B0BA-8960C22989E6}.Debug|Any CPU.ActiveCfg = Debug|Any CPU
		{BDDCC6E6-0E01-4689-B0BA-8960C22989E6}.Debug|Any CPU.Build.0 = Debug|Any CPU
		{BDDCC6E6-0E01-4689-B0BA-8960C22989E6}.Release|Any CPU.ActiveCfg = Release|Any CPU
		{BDDCC6E6-0E01-4689-B0BA-8960C22989E6}.Release|Any CPU.Build.0 = Release|Any CPU
	EndGlobalSection
	GlobalSection(SolutionProperties) = preSolution
		HideSolutionNode = FALSE
	EndGlobalSection
	GlobalSection(ExtensibilityGlobals) = postSolution
		SolutionGuid = {D1DD6737-418E-41B0-8255-CE5CAAC650D6}
	EndGlobalSection
EndGlobal
