
Microsoft Visual Studio Solution File, Format Version 12.00
# Visual Studio 15
VisualStudioVersion = 15.0.27703.2042
MinimumVisualStudioVersion = 10.0.40219.1
Project("{FAE04EC0-301F-11D3-BF4B-00C04F79EFBC}") = "uri 1051", "uri 1051.csproj", "{42973FAD-5D11-4609-8B69-A4064FA0B3D3}"
EndProject
Global
	GlobalSection(SolutionConfigurationPlatforms) = preSolution
		Debug|Any CPU = Debug|Any CPU
		Release|Any CPU = Release|Any CPU
	EndGlobalSection
	GlobalSection(ProjectConfigurationPlatforms) = postSolution
		{42973FAD-5D11-4609-8B69-A4064FA0B3D3}.Debug|Any CPU.ActiveCfg = Debug|Any CPU
		{42973FAD-5D11-4609-8B69-A4064FA0B3D3}.Debug|Any CPU.Build.0 = Debug|Any CPU
		{42973FAD-5D11-4609-8B69-A4064FA0B3D3}.Release|Any CPU.ActiveCfg = Release|Any CPU
		{42973FAD-5D11-4609-8B69-A4064FA0B3D3}.Release|Any CPU.Build.0 = Release|Any CPU
	EndGlobalSection
	GlobalSection(SolutionProperties) = preSolution
		HideSolutionNode = FALSE
	EndGlobalSection
	GlobalSection(ExtensibilityGlobals) = postSolution
		SolutionGuid = {D01F8011-84CD-4637-AD59-4431BB59329A}
	EndGlobalSection
EndGlobal
