
Microsoft Visual Studio Solution File, Format Version 12.00
# Visual Studio 15
VisualStudioVersion = 15.0.28307.168
MinimumVisualStudioVersion = 10.0.40219.1
Project("{FAE04EC0-301F-11D3-BF4B-00C04F79EFBC}") = "exemplo vetor2", "exemplo vetor2.csproj", "{27702F94-FF75-4C69-9BF9-FCE1124437CA}"
EndProject
Global
	GlobalSection(SolutionConfigurationPlatforms) = preSolution
		Debug|Any CPU = Debug|Any CPU
		Release|Any CPU = Release|Any CPU
	EndGlobalSection
	GlobalSection(ProjectConfigurationPlatforms) = postSolution
		{27702F94-FF75-4C69-9BF9-FCE1124437CA}.Debug|Any CPU.ActiveCfg = Debug|Any CPU
		{27702F94-FF75-4C69-9BF9-FCE1124437CA}.Debug|Any CPU.Build.0 = Debug|Any CPU
		{27702F94-FF75-4C69-9BF9-FCE1124437CA}.Release|Any CPU.ActiveCfg = Release|Any CPU
		{27702F94-FF75-4C69-9BF9-FCE1124437CA}.Release|Any CPU.Build.0 = Release|Any CPU
	EndGlobalSection
	GlobalSection(SolutionProperties) = preSolution
		HideSolutionNode = FALSE
	EndGlobalSection
	GlobalSection(ExtensibilityGlobals) = postSolution
		SolutionGuid = {F5659A71-8D51-48DC-AF66-4973115E3C93}
	EndGlobalSection
EndGlobal
