
Microsoft Visual Studio Solution File, Format Version 12.00
# Visual Studio 15
VisualStudioVersion = 15.0.28307.168
MinimumVisualStudioVersion = 10.0.40219.1
Project("{FAE04EC0-301F-11D3-BF4B-00C04F79EFBC}") = "exercicio1", "exercicio1.csproj", "{12A4F8FA-DF9E-42F9-95F7-4CE03F437789}"
EndProject
Global
	GlobalSection(SolutionConfigurationPlatforms) = preSolution
		Debug|Any CPU = Debug|Any CPU
		Release|Any CPU = Release|Any CPU
	EndGlobalSection
	GlobalSection(ProjectConfigurationPlatforms) = postSolution
		{12A4F8FA-DF9E-42F9-95F7-4CE03F437789}.Debug|Any CPU.ActiveCfg = Debug|Any CPU
		{12A4F8FA-DF9E-42F9-95F7-4CE03F437789}.Debug|Any CPU.Build.0 = Debug|Any CPU
		{12A4F8FA-DF9E-42F9-95F7-4CE03F437789}.Release|Any CPU.ActiveCfg = Release|Any CPU
		{12A4F8FA-DF9E-42F9-95F7-4CE03F437789}.Release|Any CPU.Build.0 = Release|Any CPU
	EndGlobalSection
	GlobalSection(SolutionProperties) = preSolution
		HideSolutionNode = FALSE
	EndGlobalSection
	GlobalSection(ExtensibilityGlobals) = postSolution
		SolutionGuid = {765B65E7-BD3A-4B01-B021-3F61241F288F}
	EndGlobalSection
EndGlobal
