
Microsoft Visual Studio Solution File, Format Version 12.00
# Visual Studio 15
VisualStudioVersion = 15.0.27703.2042
MinimumVisualStudioVersion = 10.0.40219.1
Project("{FAE04EC0-301F-11D3-BF4B-00C04F79EFBC}") = "uri1114", "uri1114.csproj", "{AFE709A1-F018-4522-9667-59FD8ECE0FC9}"
EndProject
Global
	GlobalSection(SolutionConfigurationPlatforms) = preSolution
		Debug|Any CPU = Debug|Any CPU
		Release|Any CPU = Release|Any CPU
	EndGlobalSection
	GlobalSection(ProjectConfigurationPlatforms) = postSolution
		{AFE709A1-F018-4522-9667-59FD8ECE0FC9}.Debug|Any CPU.ActiveCfg = Debug|Any CPU
		{AFE709A1-F018-4522-9667-59FD8ECE0FC9}.Debug|Any CPU.Build.0 = Debug|Any CPU
		{AFE709A1-F018-4522-9667-59FD8ECE0FC9}.Release|Any CPU.ActiveCfg = Release|Any CPU
		{AFE709A1-F018-4522-9667-59FD8ECE0FC9}.Release|Any CPU.Build.0 = Release|Any CPU
	EndGlobalSection
	GlobalSection(SolutionProperties) = preSolution
		HideSolutionNode = FALSE
	EndGlobalSection
	GlobalSection(ExtensibilityGlobals) = postSolution
		SolutionGuid = {75D399B7-268C-48EC-B48D-2CE3427247A0}
	EndGlobalSection
EndGlobal
