
Microsoft Visual Studio Solution File, Format Version 12.00
# Visual Studio 15
VisualStudioVersion = 15.0.27703.2042
MinimumVisualStudioVersion = 10.0.40219.1
Project("{FAE04EC0-301F-11D3-BF4B-00C04F79EFBC}") = "exercicio4", "exercicio4.csproj", "{C869A170-1E44-43F9-9AB7-452ED8C2ECA1}"
EndProject
Global
	GlobalSection(SolutionConfigurationPlatforms) = preSolution
		Debug|Any CPU = Debug|Any CPU
		Release|Any CPU = Release|Any CPU
	EndGlobalSection
	GlobalSection(ProjectConfigurationPlatforms) = postSolution
		{C869A170-1E44-43F9-9AB7-452ED8C2ECA1}.Debug|Any CPU.ActiveCfg = Debug|Any CPU
		{C869A170-1E44-43F9-9AB7-452ED8C2ECA1}.Debug|Any CPU.Build.0 = Debug|Any CPU
		{C869A170-1E44-43F9-9AB7-452ED8C2ECA1}.Release|Any CPU.ActiveCfg = Release|Any CPU
		{C869A170-1E44-43F9-9AB7-452ED8C2ECA1}.Release|Any CPU.Build.0 = Release|Any CPU
	EndGlobalSection
	GlobalSection(SolutionProperties) = preSolution
		HideSolutionNode = FALSE
	EndGlobalSection
	GlobalSection(ExtensibilityGlobals) = postSolution
		SolutionGuid = {BC8FAE98-F1B2-46D0-A5C5-EDF18F1999EA}
	EndGlobalSection
EndGlobal
