
Microsoft Visual Studio Solution File, Format Version 12.00
# Visual Studio 15
VisualStudioVersion = 15.0.27703.2042
MinimumVisualStudioVersion = 10.0.40219.1
Project("{FAE04EC0-301F-11D3-BF4B-00C04F79EFBC}") = "base_altura_retangulo", "base_altura_retangulo\base_altura_retangulo.csproj", "{B034CBD0-C3D6-4624-9B86-088974789D8F}"
EndProject
Global
	GlobalSection(SolutionConfigurationPlatforms) = preSolution
		Debug|Any CPU = Debug|Any CPU
		Release|Any CPU = Release|Any CPU
	EndGlobalSection
	GlobalSection(ProjectConfigurationPlatforms) = postSolution
		{B034CBD0-C3D6-4624-9B86-088974789D8F}.Debug|Any CPU.ActiveCfg = Debug|Any CPU
		{B034CBD0-C3D6-4624-9B86-088974789D8F}.Debug|Any CPU.Build.0 = Debug|Any CPU
		{B034CBD0-C3D6-4624-9B86-088974789D8F}.Release|Any CPU.ActiveCfg = Release|Any CPU
		{B034CBD0-C3D6-4624-9B86-088974789D8F}.Release|Any CPU.Build.0 = Release|Any CPU
	EndGlobalSection
	GlobalSection(SolutionProperties) = preSolution
		HideSolutionNode = FALSE
	EndGlobalSection
	GlobalSection(ExtensibilityGlobals) = postSolution
		SolutionGuid = {0C80CB9D-AE78-43F3-8EA6-8195D9E2EB31}
	EndGlobalSection
EndGlobal
