
Microsoft Visual Studio Solution File, Format Version 12.00
# Visual Studio 15
VisualStudioVersion = 15.0.27703.2042
MinimumVisualStudioVersion = 10.0.40219.1
Project("{FAE04EC0-301F-11D3-BF4B-00C04F79EFBC}") = "media2", "media2\media2.csproj", "{54CD9EDC-8E75-432B-94E1-A4EB834BBED0}"
EndProject
Global
	GlobalSection(SolutionConfigurationPlatforms) = preSolution
		Debug|Any CPU = Debug|Any CPU
		Release|Any CPU = Release|Any CPU
	EndGlobalSection
	GlobalSection(ProjectConfigurationPlatforms) = postSolution
		{54CD9EDC-8E75-432B-94E1-A4EB834BBED0}.Debug|Any CPU.ActiveCfg = Debug|Any CPU
		{54CD9EDC-8E75-432B-94E1-A4EB834BBED0}.Debug|Any CPU.Build.0 = Debug|Any CPU
		{54CD9EDC-8E75-432B-94E1-A4EB834BBED0}.Release|Any CPU.ActiveCfg = Release|Any CPU
		{54CD9EDC-8E75-432B-94E1-A4EB834BBED0}.Release|Any CPU.Build.0 = Release|Any CPU
	EndGlobalSection
	GlobalSection(SolutionProperties) = preSolution
		HideSolutionNode = FALSE
	EndGlobalSection
	GlobalSection(ExtensibilityGlobals) = postSolution
		SolutionGuid = {332D8DF2-54D1-4E69-96F1-E43898DC6BD0}
	EndGlobalSection
EndGlobal
