
Microsoft Visual Studio Solution File, Format Version 12.00
# Visual Studio 15
VisualStudioVersion = 15.0.27703.2042
MinimumVisualStudioVersion = 10.0.40219.1
Project("{FAE04EC0-301F-11D3-BF4B-00C04F79EFBC}") = "exercicioprof", "exercicioprof.csproj", "{61A5F8C8-3769-490A-8377-DF34C4EEF000}"
EndProject
Global
	GlobalSection(SolutionConfigurationPlatforms) = preSolution
		Debug|Any CPU = Debug|Any CPU
		Release|Any CPU = Release|Any CPU
	EndGlobalSection
	GlobalSection(ProjectConfigurationPlatforms) = postSolution
		{61A5F8C8-3769-490A-8377-DF34C4EEF000}.Debug|Any CPU.ActiveCfg = Debug|Any CPU
		{61A5F8C8-3769-490A-8377-DF34C4EEF000}.Debug|Any CPU.Build.0 = Debug|Any CPU
		{61A5F8C8-3769-490A-8377-DF34C4EEF000}.Release|Any CPU.ActiveCfg = Release|Any CPU
		{61A5F8C8-3769-490A-8377-DF34C4EEF000}.Release|Any CPU.Build.0 = Release|Any CPU
	EndGlobalSection
	GlobalSection(SolutionProperties) = preSolution
		HideSolutionNode = FALSE
	EndGlobalSection
	GlobalSection(ExtensibilityGlobals) = postSolution
		SolutionGuid = {4FA9210E-9962-43F4-AE2D-94EE3263D90E}
	EndGlobalSection
EndGlobal
