
Microsoft Visual Studio Solution File, Format Version 12.00
# Visual Studio 15
VisualStudioVersion = 15.0.27703.2042
MinimumVisualStudioVersion = 10.0.40219.1
Project("{FAE04EC0-301F-11D3-BF4B-00C04F79EFBC}") = "uri 1134", "uri 1134.csproj", "{942BF7AB-2A46-40FB-BCBB-E940B8F963C0}"
EndProject
Global
	GlobalSection(SolutionConfigurationPlatforms) = preSolution
		Debug|Any CPU = Debug|Any CPU
		Release|Any CPU = Release|Any CPU
	EndGlobalSection
	GlobalSection(ProjectConfigurationPlatforms) = postSolution
		{942BF7AB-2A46-40FB-BCBB-E940B8F963C0}.Debug|Any CPU.ActiveCfg = Debug|Any CPU
		{942BF7AB-2A46-40FB-BCBB-E940B8F963C0}.Debug|Any CPU.Build.0 = Debug|Any CPU
		{942BF7AB-2A46-40FB-BCBB-E940B8F963C0}.Release|Any CPU.ActiveCfg = Release|Any CPU
		{942BF7AB-2A46-40FB-BCBB-E940B8F963C0}.Release|Any CPU.Build.0 = Release|Any CPU
	EndGlobalSection
	GlobalSection(SolutionProperties) = preSolution
		HideSolutionNode = FALSE
	EndGlobalSection
	GlobalSection(ExtensibilityGlobals) = postSolution
		SolutionGuid = {98068DB4-78E3-481C-973B-05FF92951DBE}
	EndGlobalSection
EndGlobal
