
Microsoft Visual Studio Solution File, Format Version 12.00
# Visual Studio 15
VisualStudioVersion = 15.0.27703.2042
MinimumVisualStudioVersion = 10.0.40219.1
Project("{FAE04EC0-301F-11D3-BF4B-00C04F79EFBC}") = "exemploCasting", "exemploCasting\exemploCasting.csproj", "{6EE343F7-711E-4B57-9834-5E975173BEC8}"
EndProject
Global
	GlobalSection(SolutionConfigurationPlatforms) = preSolution
		Debug|Any CPU = Debug|Any CPU
		Release|Any CPU = Release|Any CPU
	EndGlobalSection
	GlobalSection(ProjectConfigurationPlatforms) = postSolution
		{6EE343F7-711E-4B57-9834-5E975173BEC8}.Debug|Any CPU.ActiveCfg = Debug|Any CPU
		{6EE343F7-711E-4B57-9834-5E975173BEC8}.Debug|Any CPU.Build.0 = Debug|Any CPU
		{6EE343F7-711E-4B57-9834-5E975173BEC8}.Release|Any CPU.ActiveCfg = Release|Any CPU
		{6EE343F7-711E-4B57-9834-5E975173BEC8}.Release|Any CPU.Build.0 = Release|Any CPU
	EndGlobalSection
	GlobalSection(SolutionProperties) = preSolution
		HideSolutionNode = FALSE
	EndGlobalSection
	GlobalSection(ExtensibilityGlobals) = postSolution
		SolutionGuid = {0C1D54EB-6AF0-457A-9384-1ACFF05E0DE8}
	EndGlobalSection
EndGlobal
