
Microsoft Visual Studio Solution File, Format Version 12.00
# Visual Studio 15
VisualStudioVersion = 15.0.28307.168
MinimumVisualStudioVersion = 10.0.40219.1
Project("{FAE04EC0-301F-11D3-BF4B-00C04F79EFBC}") = "Uri 1067", "Uri 1067.csproj", "{7572B17B-4585-44B7-B292-8FB2F6A14442}"
EndProject
Global
	GlobalSection(SolutionConfigurationPlatforms) = preSolution
		Debug|Any CPU = Debug|Any CPU
		Release|Any CPU = Release|Any CPU
	EndGlobalSection
	GlobalSection(ProjectConfigurationPlatforms) = postSolution
		{7572B17B-4585-44B7-B292-8FB2F6A14442}.Debug|Any CPU.ActiveCfg = Debug|Any CPU
		{7572B17B-4585-44B7-B292-8FB2F6A14442}.Debug|Any CPU.Build.0 = Debug|Any CPU
		{7572B17B-4585-44B7-B292-8FB2F6A14442}.Release|Any CPU.ActiveCfg = Release|Any CPU
		{7572B17B-4585-44B7-B292-8FB2F6A14442}.Release|Any CPU.Build.0 = Release|Any CPU
	EndGlobalSection
	GlobalSection(SolutionProperties) = preSolution
		HideSolutionNode = FALSE
	EndGlobalSection
	GlobalSection(ExtensibilityGlobals) = postSolution
		SolutionGuid = {111A1C1F-D558-4EC1-9755-E51F7F50D0EF}
	EndGlobalSection
EndGlobal
