
Microsoft Visual Studio Solution File, Format Version 12.00
# Visual Studio 15
VisualStudioVersion = 15.0.28307.168
MinimumVisualStudioVersion = 10.0.40219.1
Project("{FAE04EC0-301F-11D3-BF4B-00C04F79EFBC}") = "teste5", "teste5.csproj", "{06AA30B0-0E92-4969-A08D-99A1FBBA9D0C}"
EndProject
Global
	GlobalSection(SolutionConfigurationPlatforms) = preSolution
		Debug|Any CPU = Debug|Any CPU
		Release|Any CPU = Release|Any CPU
	EndGlobalSection
	GlobalSection(ProjectConfigurationPlatforms) = postSolution
		{06AA30B0-0E92-4969-A08D-99A1FBBA9D0C}.Debug|Any CPU.ActiveCfg = Debug|Any CPU
		{06AA30B0-0E92-4969-A08D-99A1FBBA9D0C}.Debug|Any CPU.Build.0 = Debug|Any CPU
		{06AA30B0-0E92-4969-A08D-99A1FBBA9D0C}.Release|Any CPU.ActiveCfg = Release|Any CPU
		{06AA30B0-0E92-4969-A08D-99A1FBBA9D0C}.Release|Any CPU.Build.0 = Release|Any CPU
	EndGlobalSection
	GlobalSection(SolutionProperties) = preSolution
		HideSolutionNode = FALSE
	EndGlobalSection
	GlobalSection(ExtensibilityGlobals) = postSolution
		SolutionGuid = {FC9D849B-C94E-446D-BA77-B7CD81F51AC6}
	EndGlobalSection
EndGlobal
